
Microsoft Visual Studio Solution File, Format Version 12.00
# Visual Studio 15
VisualStudioVersion = 15.0.27130.2027
MinimumVisualStudioVersion = 10.0.40219.1
Project("{FAE04EC0-301F-11D3-BF4B-00C04F79EFBC}") = "AudioStreamPlugin", "AudioStreamPlugin.csproj", "{C324E156-8EAF-4C2C-8313-6F99C1766A96}"
EndProject
Project("{FAE04EC0-301F-11D3-BF4B-00C04F79EFBC}") = "CommunityModule", "..\Unturned-3.x-Community-Module\CommunityModule\CommunityModule.csproj", "{4123C7A7-F99F-415D-99D4-79D951E0F0D7}"
EndProject
Project("{FAE04EC0-301F-11D3-BF4B-00C04F79EFBC}") = "Harmony", "..\Unturned-3.x-Community-Module\Harmony\Harmony\Harmony.csproj", "{69AEE16A-B6E7-4642-8081-3928B32455DF}"
EndProject
Global
	GlobalSection(SolutionConfigurationPlatforms) = preSolution
		Debug|Any CPU = Debug|Any CPU
		Release|Any CPU = Release|Any CPU
	EndGlobalSection
	GlobalSection(ProjectConfigurationPlatforms) = postSolution
		{C324E156-8EAF-4C2C-8313-6F99C1766A96}.Debug|Any CPU.ActiveCfg = Debug|Any CPU
		{C324E156-8EAF-4C2C-8313-6F99C1766A96}.Debug|Any CPU.Build.0 = Debug|Any CPU
		{C324E156-8EAF-4C2C-8313-6F99C1766A96}.Release|Any CPU.ActiveCfg = Release|Any CPU
		{C324E156-8EAF-4C2C-8313-6F99C1766A96}.Release|Any CPU.Build.0 = Release|Any CPU
		{4123C7A7-F99F-415D-99D4-79D951E0F0D7}.Debug|Any CPU.ActiveCfg = Debug|Any CPU
		{4123C7A7-F99F-415D-99D4-79D951E0F0D7}.Debug|Any CPU.Build.0 = Debug|Any CPU
		{4123C7A7-F99F-415D-99D4-79D951E0F0D7}.Release|Any CPU.ActiveCfg = Release|Any CPU
		{4123C7A7-F99F-415D-99D4-79D951E0F0D7}.Release|Any CPU.Build.0 = Release|Any CPU
		{69AEE16A-B6E7-4642-8081-3928B32455DF}.Debug|Any CPU.ActiveCfg = Debug|Any CPU
		{69AEE16A-B6E7-4642-8081-3928B32455DF}.Debug|Any CPU.Build.0 = Debug|Any CPU
		{69AEE16A-B6E7-4642-8081-3928B32455DF}.Release|Any CPU.ActiveCfg = Release|Any CPU
		{69AEE16A-B6E7-4642-8081-3928B32455DF}.Release|Any CPU.Build.0 = Release|Any CPU
	EndGlobalSection
	GlobalSection(SolutionProperties) = preSolution
		HideSolutionNode = FALSE
	EndGlobalSection
	GlobalSection(ExtensibilityGlobals) = postSolution
		SolutionGuid = {DA0A7883-F1BF-4BEC-A543-FBC59966335C}
	EndGlobalSection
EndGlobal
